// !$*UTF8*$!
{
	archiveVersion = 1;
	classes = {
	};
	objectVersion = 46;
	objects = {

/* Begin PBXBuildFile section */
		45E76E541E43455200A4B1F0 /* frid.framework in Frameworks */ = {isa = PBXBuildFile; fileRef = 45E76E4A1E43455100A4B1F0 /* frid.framework */; };
		45E76E591E43455200A4B1F0 /* fridTests.swift in Sources */ = {isa = PBXBuildFile; fileRef = 45E76E581E43455200A4B1F0 /* fridTests.swift */; };
		45E76E5B1E43455200A4B1F0 /* frid.h in Headers */ = {isa = PBXBuildFile; fileRef = 45E76E4D1E43455100A4B1F0 /* frid.h */; settings = {ATTRIBUTES = (Public, ); }; };
		45E76E651E43456400A4B1F0 /* frid.swift in Sources */ = {isa = PBXBuildFile; fileRef = 45E76E641E43456400A4B1F0 /* frid.swift */; };
/* End PBXBuildFile section */

/* Begin PBXContainerItemProxy section */
		45E76E551E43455200A4B1F0 /* PBXContainerItemProxy */ = {
			isa = PBXContainerItemProxy;
			containerPortal = 45E76E411E43455100A4B1F0 /* Project object */;
			proxyType = 1;
			remoteGlobalIDString = 45E76E491E43455100A4B1F0;
			remoteInfo = frid;
		};
/* End PBXContainerItemProxy section */

/* Begin PBXFileReference section */
		45E76E4A1E43455100A4B1F0 /* frid.framework */ = {isa = PBXFileReference; explicitFileType = wrapper.framework; includeInIndex = 0; path = frid.framework; sourceTree = BUILT_PRODUCTS_DIR; };
		45E76E4D1E43455100A4B1F0 /* frid.h */ = {isa = PBXFileReference; lastKnownFileType = sourcecode.c.h; path = frid.h; sourceTree = "<group>"; };
		45E76E4E1E43455100A4B1F0 /* Info.plist */ = {isa = PBXFileReference; lastKnownFileType = text.plist.xml; path = Info.plist; sourceTree = "<group>"; };
		45E76E531E43455200A4B1F0 /* fridTests.xctest */ = {isa = PBXFileReference; explicitFileType = wrapper.cfbundle; includeInIndex = 0; path = fridTests.xctest; sourceTree = BUILT_PRODUCTS_DIR; };
		45E76E581E43455200A4B1F0 /* fridTests.swift */ = {isa = PBXFileReference; lastKnownFileType = sourcecode.swift; path = fridTests.swift; sourceTree = "<group>"; };
		45E76E5A1E43455200A4B1F0 /* Info.plist */ = {isa = PBXFileReference; lastKnownFileType = text.plist.xml; path = Info.plist; sourceTree = "<group>"; };
		45E76E641E43456400A4B1F0 /* frid.swift */ = {isa = PBXFileReference; fileEncoding = 4; lastKnownFileType = sourcecode.swift; path = frid.swift; sourceTree = "<group>"; };
/* End PBXFileReference section */

/* Begin PBXFrameworksBuildPhase section */
		45E76E461E43455100A4B1F0 /* Frameworks */ = {
			isa = PBXFrameworksBuildPhase;
			buildActionMask = 2147483647;
			files = (
			);
			runOnlyForDeploymentPostprocessing = 0;
		};
		45E76E501E43455200A4B1F0 /* Frameworks */ = {
			isa = PBXFrameworksBuildPhase;
			buildActionMask = 2147483647;
			files = (
				45E76E541E43455200A4B1F0 /* frid.framework in Frameworks */,
			);
			runOnlyForDeploymentPostprocessing = 0;
		};
/* End PBXFrameworksBuildPhase section */

/* Begin PBXGroup section */
		45E76E401E43455100A4B1F0 = {
			isa = PBXGroup;
			children = (
				45E76E4C1E43455100A4B1F0 /* frid */,
				45E76E571E43455200A4B1F0 /* fridTests */,
				45E76E4B1E43455100A4B1F0 /* Products */,
			);
			sourceTree = "<group>";
		};
		45E76E4B1E43455100A4B1F0 /* Products */ = {
			isa = PBXGroup;
			children = (
				45E76E4A1E43455100A4B1F0 /* frid.framework */,
				45E76E531E43455200A4B1F0 /* fridTests.xctest */,
			);
			name = Products;
			sourceTree = "<group>";
		};
		45E76E4C1E43455100A4B1F0 /* frid */ = {
			isa = PBXGroup;
			children = (
				45E76E4D1E43455100A4B1F0 /* frid.h */,
				45E76E4E1E43455100A4B1F0 /* Info.plist */,
				45E76E641E43456400A4B1F0 /* frid.swift */,
			);
			path = frid;
			sourceTree = "<group>";
		};
		45E76E571E43455200A4B1F0 /* fridTests */ = {
			isa = PBXGroup;
			children = (
				45E76E581E43455200A4B1F0 /* fridTests.swift */,
				45E76E5A1E43455200A4B1F0 /* Info.plist */,
			);
			path = fridTests;
			sourceTree = "<group>";
		};
/* End PBXGroup section */

/* Begin PBXHeadersBuildPhase section */
		45E76E471E43455100A4B1F0 /* Headers */ = {
			isa = PBXHeadersBuildPhase;
			buildActionMask = 2147483647;
			files = (
				45E76E5B1E43455200A4B1F0 /* frid.h in Headers */,
			);
			runOnlyForDeploymentPostprocessing = 0;
		};
/* End PBXHeadersBuildPhase section */

/* Begin PBXNativeTarget section */
		45E76E491E43455100A4B1F0 /* frid */ = {
			isa = PBXNativeTarget;
			buildConfigurationList = 45E76E5E1E43455200A4B1F0 /* Build configuration list for PBXNativeTarget "frid" */;
			buildPhases = (
				45E76E451E43455100A4B1F0 /* Sources */,
				45E76E461E43455100A4B1F0 /* Frameworks */,
				45E76E471E43455100A4B1F0 /* Headers */,
				45E76E481E43455100A4B1F0 /* Resources */,
			);
			buildRules = (
			);
			dependencies = (
			);
			name = frid;
			productName = frid;
			productReference = 45E76E4A1E43455100A4B1F0 /* frid.framework */;
			productType = "com.apple.product-type.framework";
		};
		45E76E521E43455200A4B1F0 /* fridTests */ = {
			isa = PBXNativeTarget;
			buildConfigurationList = 45E76E611E43455200A4B1F0 /* Build configuration list for PBXNativeTarget "fridTests" */;
			buildPhases = (
				45E76E4F1E43455200A4B1F0 /* Sources */,
				45E76E501E43455200A4B1F0 /* Frameworks */,
				45E76E511E43455200A4B1F0 /* Resources */,
			);
			buildRules = (
			);
			dependencies = (
				45E76E561E43455200A4B1F0 /* PBXTargetDependency */,
			);
			name = fridTests;
			productName = fridTests;
			productReference = 45E76E531E43455200A4B1F0 /* fridTests.xctest */;
			productType = "com.apple.product-type.bundle.unit-test";
		};
/* End PBXNativeTarget section */

/* Begin PBXProject section */
		45E76E411E43455100A4B1F0 /* Project object */ = {
			isa = PBXProject;
			attributes = {
				LastSwiftUpdateCheck = 0820;
				LastUpgradeCheck = 0820;
				ORGANIZATIONNAME = "Evgeny Kazakov";
				TargetAttributes = {
					45E76E491E43455100A4B1F0 = {
						CreatedOnToolsVersion = 8.2.1;
						LastSwiftMigration = 0820;
						ProvisioningStyle = Automatic;
					};
					45E76E521E43455200A4B1F0 = {
						CreatedOnToolsVersion = 8.2.1;
						ProvisioningStyle = Automatic;
					};
				};
			};
			buildConfigurationList = 45E76E441E43455100A4B1F0 /* Build configuration list for PBXProject "frid" */;
			compatibilityVersion = "Xcode 3.2";
			developmentRegion = English;
			hasScannedForEncodings = 0;
			knownRegions = (
				en,
			);
			mainGroup = 45E76E401E43455100A4B1F0;
			productRefGroup = 45E76E4B1E43455100A4B1F0 /* Products */;
			projectDirPath = "";
			projectRoot = "";
			targets = (
				45E76E491E43455100A4B1F0 /* frid */,
				45E76E521E43455200A4B1F0 /* fridTests */,
			);
		};
/* End PBXProject section */

/* Begin PBXResourcesBuildPhase section */
		45E76E481E43455100A4B1F0 /* Resources */ = {
			isa = PBXResourcesBuildPhase;
			buildActionMask = 2147483647;
			files = (
			);
			runOnlyForDeploymentPostprocessing = 0;
		};
		45E76E511E43455200A4B1F0 /* Resources */ = {
			isa = PBXResourcesBuildPhase;
			buildActionMask = 2147483647;
			files = (
			);
			runOnlyForDeploymentPostprocessing = 0;
		};
/* End PBXResourcesBuildPhase section */

/* Begin PBXSourcesBuildPhase section */
		45E76E451E43455100A4B1F0 /* Sources */ = {
			isa = PBXSourcesBuildPhase;
			buildActionMask = 2147483647;
			files = (
				45E76E651E43456400A4B1F0 /* frid.swift in Sources */,
			);
			runOnlyForDeploymentPostprocessing = 0;
		};
		45E76E4F1E43455200A4B1F0 /* Sources */ = {
			isa = PBXSourcesBuildPhase;
			buildActionMask = 2147483647;
			files = (
				45E76E591E43455200A4B1F0 /* fridTests.swift in Sources */,
			);
			runOnlyForDeploymentPostprocessing = 0;
		};
/* End PBXSourcesBuildPhase section */

/* Begin PBXTargetDependency section */
		45E76E561E43455200A4B1F0 /* PBXTargetDependency */ = {
			isa = PBXTargetDependency;
			target = 45E76E491E43455100A4B1F0 /* frid */;
			targetProxy = 45E76E551E43455200A4B1F0 /* PBXContainerItemProxy */;
		};
/* End PBXTargetDependency section */

/* Begin XCBuildConfiguration section */
		45E76E5C1E43455200A4B1F0 /* Debug */ = {
			isa = XCBuildConfiguration;
			buildSettings = {
				ALWAYS_SEARCH_USER_PATHS = NO;
				CLANG_ANALYZER_NONNULL = YES;
				CLANG_CXX_LANGUAGE_STANDARD = "gnu++0x";
				CLANG_CXX_LIBRARY = "libc++";
				CLANG_ENABLE_MODULES = YES;
				CLANG_ENABLE_OBJC_ARC = YES;
				CLANG_WARN_BOOL_CONVERSION = YES;
				CLANG_WARN_CONSTANT_CONVERSION = YES;
				CLANG_WARN_DIRECT_OBJC_ISA_USAGE = YES_ERROR;
				CLANG_WARN_DOCUMENTATION_COMMENTS = YES;
				CLANG_WARN_EMPTY_BODY = YES;
				CLANG_WARN_ENUM_CONVERSION = YES;
				CLANG_WARN_INFINITE_RECURSION = YES;
				CLANG_WARN_INT_CONVERSION = YES;
				CLANG_WARN_OBJC_ROOT_CLASS = YES_ERROR;
				CLANG_WARN_SUSPICIOUS_MOVE = YES;
				CLANG_WARN_UNREACHABLE_CODE = YES;
				CLANG_WARN__DUPLICATE_METHOD_MATCH = YES;
				"CODE_SIGN_IDENTITY[sdk=iphoneos*]" = "iPhone Developer";
				COPY_PHASE_STRIP = NO;
				CURRENT_PROJECT_VERSION = 1;
				DEBUG_INFORMATION_FORMAT = dwarf;
				ENABLE_STRICT_OBJC_MSGSEND = YES;
				ENABLE_TESTABILITY = YES;
				GCC_C_LANGUAGE_STANDARD = gnu99;
				GCC_DYNAMIC_NO_PIC = NO;
				GCC_NO_COMMON_BLOCKS = YES;
				GCC_OPTIMIZATION_LEVEL = 0;
				GCC_PREPROCESSOR_DEFINITIONS = (
					"DEBUG=1",
					"$(inherited)",
				);
				GCC_WARN_64_TO_32_BIT_CONVERSION = YES;
				GCC_WARN_ABOUT_RETURN_TYPE = YES_ERROR;
				GCC_WARN_UNDECLARED_SELECTOR = YES;
				GCC_WARN_UNINITIALIZED_AUTOS = YES_AGGRESSIVE;
				GCC_WARN_UNUSED_FUNCTION = YES;
				GCC_WARN_UNUSED_VARIABLE = YES;
				IPHONEOS_DEPLOYMENT_TARGET = 10.2;
				MTL_ENABLE_DEBUG_INFO = YES;
				ONLY_ACTIVE_ARCH = YES;
				SDKROOT = iphoneos;
				SWIFT_ACTIVE_COMPILATION_CONDITIONS = DEBUG;
				SWIFT_OPTIMIZATION_LEVEL = "-Onone";
				TARGETED_DEVICE_FAMILY = "1,2";
				VERSIONING_SYSTEM = "apple-generic";
				VERSION_INFO_PREFIX = "";
			};
			name = Debug;
		};
		45E76E5D1E43455200A4B1F0 /* Release */ = {
			isa = XCBuildConfiguration;
			buildSettings = {
				ALWAYS_SEARCH_USER_PATHS = NO;
				CLANG_ANALYZER_NONNULL = YES;
				CLANG_CXX_LANGUAGE_STANDARD = "gnu++0x";
				CLANG_CXX_LIBRARY = "libc++";
				CLANG_ENABLE_MODULES = YES;
				CLANG_ENABLE_OBJC_ARC = YES;
				CLANG_WARN_BOOL_CONVERSION = YES;
				CLANG_WARN_CONSTANT_CONVERSION = YES;
				CLANG_WARN_DIRECT_OBJC_ISA_USAGE = YES_ERROR;
				CLANG_WARN_DOCUMENTATION_COMMENTS = YES;
				CLANG_WARN_EMPTY_BODY = YES;
				CLANG_WARN_ENUM_CONVERSION = YES;
				CLANG_WARN_INFINITE_RECURSION = YES;
				CLANG_WARN_INT_CONVERSION = YES;
				CLANG_WARN_OBJC_ROOT_CLASS = YES_ERROR;
				CLANG_WARN_SUSPICIOUS_MOVE = YES;
				CLANG_WARN_UNREACHABLE_CODE = YES;
				CLANG_WARN__DUPLICATE_METHOD_MATCH = YES;
				"CODE_SIGN_IDENTITY[sdk=iphoneos*]" = "iPhone Developer";
				COPY_PHASE_STRIP = NO;
				CURRENT_PROJECT_VERSION = 1;
				DEBUG_INFORMATION_FORMAT = "dwarf-with-dsym";
				ENABLE_NS_ASSERTIONS = NO;
				ENABLE_STRICT_OBJC_MSGSEND = YES;
				GCC_C_LANGUAGE_STANDARD = gnu99;
				GCC_NO_COMMON_BLOCKS = YES;
				GCC_WARN_64_TO_32_BIT_CONVERSION = YES;
				GCC_WARN_ABOUT_RETURN_TYPE = YES_ERROR;
				GCC_WARN_UNDECLARED_SELECTOR = YES;
				GCC_WARN_UNINITIALIZED_AUTOS = YES_AGGRESSIVE;
				GCC_WARN_UNUSED_FUNCTION = YES;
				GCC_WARN_UNUSED_VARIABLE = YES;
				IPHONEOS_DEPLOYMENT_TARGET = 10.2;
				MTL_ENABLE_DEBUG_INFO = NO;
				SDKROOT = iphoneos;
				SWIFT_OPTIMIZATION_LEVEL = "-Owholemodule";
				TARGETED_DEVICE_FAMILY = "1,2";
				VALIDATE_PRODUCT = YES;
				VERSIONING_SYSTEM = "apple-generic";
				VERSION_INFO_PREFIX = "";
			};
			name = Release;
		};
		45E76E5F1E43455200A4B1F0 /* Debug */ = {
			isa = XCBuildConfiguration;
			buildSettings = {
				CLANG_ENABLE_MODULES = YES;
				CODE_SIGN_IDENTITY = "";
				DEFINES_MODULE = YES;
				DYLIB_COMPATIBILITY_VERSION = 1;
				DYLIB_CURRENT_VERSION = 1;
				DYLIB_INSTALL_NAME_BASE = "@rpath";
				INFOPLIST_FILE = frid/Info.plist;
				INSTALL_PATH = "$(LOCAL_LIBRARY_DIR)/Frameworks";
				LD_RUNPATH_SEARCH_PATHS = "$(inherited) @executable_path/Frameworks @loader_path/Frameworks";
				PRODUCT_BUNDLE_IDENTIFIER = org.azeff.frid;
				PRODUCT_NAME = "$(TARGET_NAME)";
				SKIP_INSTALL = YES;
				SWIFT_OPTIMIZATION_LEVEL = "-Onone";
				SWIFT_VERSION = 3.0;
			};
			name = Debug;
		};
		45E76E601E43455200A4B1F0 /* Release */ = {
			isa = XCBuildConfiguration;
			buildSettings = {
				CLANG_ENABLE_MODULES = YES;
				CODE_SIGN_IDENTITY = "";
				DEFINES_MODULE = YES;
				DYLIB_COMPATIBILITY_VERSION = 1;
				DYLIB_CURRENT_VERSION = 1;
				DYLIB_INSTALL_NAME_BASE = "@rpath";
				INFOPLIST_FILE = frid/Info.plist;
				INSTALL_PATH = "$(LOCAL_LIBRARY_DIR)/Frameworks";
				LD_RUNPATH_SEARCH_PATHS = "$(inherited) @executable_path/Frameworks @loader_path/Frameworks";
				PRODUCT_BUNDLE_IDENTIFIER = org.azeff.frid;
				PRODUCT_NAME = "$(TARGET_NAME)";
				SKIP_INSTALL = YES;
				SWIFT_VERSION = 3.0;
			};
			name = Release;
		};
		45E76E621E43455200A4B1F0 /* Debug */ = {
			isa = XCBuildConfiguration;
			buildSettings = {
				ALWAYS_EMBED_SWIFT_STANDARD_LIBRARIES = YES;
				INFOPLIST_FILE = fridTests/Info.plist;
				LD_RUNPATH_SEARCH_PATHS = "$(inherited) @executable_path/Frameworks @loader_path/Frameworks";
				PRODUCT_BUNDLE_IDENTIFIER = org.azeff.fridTests;
				PRODUCT_NAME = "$(TARGET_NAME)";
				SWIFT_VERSION = 3.0;
			};
			name = Debug;
		};
		45E76E631E43455200A4B1F0 /* Release */ = {
			isa = XCBuildConfiguration;
			buildSettings = {
				ALWAYS_EMBED_SWIFT_STANDARD_LIBRARIES = YES;
				INFOPLIST_FILE = fridTests/Info.plist;
				LD_RUNPATH_SEARCH_PATHS = "$(inherited) @executable_path/Frameworks @loader_path/Frameworks";
				PRODUCT_BUNDLE_IDENTIFIER = org.azeff.fridTests;
				PRODUCT_NAME = "$(TARGET_NAME)";
				SWIFT_VERSION = 3.0;
			};
			name = Release;
		};
/* End XCBuildConfiguration section */

/* Begin XCConfigurationList section */
		45E76E441E43455100A4B1F0 /* Build configuration list for PBXProject "frid" */ = {
			isa = XCConfigurationList;
			buildConfigurations = (
				45E76E5C1E43455200A4B1F0 /* Debug */,
				45E76E5D1E43455200A4B1F0 /* Release */,
			);
			defaultConfigurationIsVisible = 0;
			defaultConfigurationName = Release;
		};
		45E76E5E1E43455200A4B1F0 /* Build configuration list for PBXNativeTarget "frid" */ = {
			isa = XCConfigurationList;
			buildConfigurations = (
				45E76E5F1E43455200A4B1F0 /* Debug */,
				45E76E601E43455200A4B1F0 /* Release */,
			);
			defaultConfigurationIsVisible = 0;
		};
		45E76E611E43455200A4B1F0 /* Build configuration list for PBXNativeTarget "fridTests" */ = {
			isa = XCConfigurationList;
			buildConfigurations = (
				45E76E621E43455200A4B1F0 /* Debug */,
				45E76E631E43455200A4B1F0 /* Release */,
			);
			defaultConfigurationIsVisible = 0;
		};
/* End XCConfigurationList section */
	};
	rootObject = 45E76E411E43455100A4B1F0 /* Project object */;
}
